{
  "name": "bot-framework",
  "version": "0.0.1",
  "lockfileVersion": 2,
  "requires": true,
  "packages": {
    "": {
      "name": "bot-framework",
      "version": "0.0.1",
      "license": "MIT",
      "dependencies": {
        "my-utils": "github:sawara7/my-utils",
        "node-cron": "^3.0.1",
        "uuid": "^8.3.2"
      },
      "devDependencies": {
        "@types/node": "^14.14.34",
        "@types/node-cron": "^3.0.1",
        "@types/uuid": "^8.3.4",
        "typescript": "^4.3.5"
      }
    },
    "node_modules/@types/node": {
      "version": "14.18.21",
      "resolved": "https://registry.npmjs.org/@types/node/-/node-14.18.21.tgz",
      "integrity": "sha512-x5W9s+8P4XteaxT/jKF0PSb7XEvo5VmqEWgsMlyeY4ZlLK8I6aH6g5TPPyDlLAep+GYf4kefb7HFyc7PAO3m+Q==",
      "dev": true
    },
    "node_modules/@types/node-cron": {
      "version": "3.0.2",
      "resolved": "https://registry.npmjs.org/@types/node-cron/-/node-cron-3.0.2.tgz",
      "integrity": "sha512-SK/4GYWiWvGLPl/yv+Tm5oLYbzMx1V3y7CsNTvOb3vF8O9oXH11U6/zckISHnBl4YH8MvXHFIUXbYoBONSdmzw==",
      "dev": true
    },
    "node_modules/@types/uuid": {
      "version": "8.3.4",
      "resolved": "https://registry.npmjs.org/@types/uuid/-/uuid-8.3.4.tgz",
      "integrity": "sha512-c/I8ZRb51j+pYGAu5CrFMRxqZ2ke4y2grEBO5AUjgSkSk+qT2Ea+OdWElz/OiMf5MNpn2b17kuVBwZLQJXzihw==",
      "dev": true
    },
    "node_modules/my-utils": {
      "version": "0.0.1",
      "resolved": "git+ssh://git@github.com/sawara7/my-utils.git#96b3fdb4daefe0a6e546e523fd0c0b2e8c7bc9fb",
      "license": "ISC",
      "dependencies": {
        "uuid": "^8.3.2"
      }
    },
    "node_modules/node-cron": {
      "version": "3.0.1",
      "resolved": "https://registry.npmjs.org/node-cron/-/node-cron-3.0.1.tgz",
      "integrity": "sha512-RAWZTNn2M5KDIUV/389UX0EXsqvdFAwc9QwHQceh0Ga56dygqSRthqIjwpgZsoDspHGt2rkHdk9Z4RgfPMdALw==",
      "engines": {
        "node": ">=6.0.0"
      }
    },
    "node_modules/typescript": {
      "version": "4.7.4",
      "resolved": "https://registry.npmjs.org/typescript/-/typescript-4.7.4.tgz",
      "integrity": "sha512-C0WQT0gezHuw6AdY1M2jxUO83Rjf0HP7Sk1DtXj6j1EwkQNZrHAg2XPWlq62oqEhYvONq5pkC2Y9oPljWToLmQ==",
      "dev": true,
      "bin": {
        "tsc": "bin/tsc",
        "tsserver": "bin/tsserver"
      },
      "engines": {
        "node": ">=4.2.0"
      }
    },
    "node_modules/uuid": {
      "version": "8.3.2",
      "resolved": "https://registry.npmjs.org/uuid/-/uuid-8.3.2.tgz",
      "integrity": "sha512-+NYs2QeMWy+GWFOEm9xnn6HCDp0l7QBD7ml8zLUmJ+93Q5NF0NocErnwkTkXVFNiX3/fpC6afS8Dhb/gz7R7eg==",
      "bin": {
        "uuid": "dist/bin/uuid"
      }
    }
  },
  "dependencies": {
    "@types/node": {
      "version": "14.18.21",
      "resolved": "https://registry.npmjs.org/@types/node/-/node-14.18.21.tgz",
      "integrity": "sha512-x5W9s+8P4XteaxT/jKF0PSb7XEvo5VmqEWgsMlyeY4ZlLK8I6aH6g5TPPyDlLAep+GYf4kefb7HFyc7PAO3m+Q==",
      "dev": true
    },
    "@types/node-cron": {
      "version": "3.0.2",
      "resolved": "https://registry.npmjs.org/@types/node-cron/-/node-cron-3.0.2.tgz",
      "integrity": "sha512-SK/4GYWiWvGLPl/yv+Tm5oLYbzMx1V3y7CsNTvOb3vF8O9oXH11U6/zckISHnBl4YH8MvXHFIUXbYoBONSdmzw==",
      "dev": true
    },
    "@types/uuid": {
      "version": "8.3.4",
      "resolved": "https://registry.npmjs.org/@types/uuid/-/uuid-8.3.4.tgz",
      "integrity": "sha512-c/I8ZRb51j+pYGAu5CrFMRxqZ2ke4y2grEBO5AUjgSkSk+qT2Ea+OdWElz/OiMf5MNpn2b17kuVBwZLQJXzihw==",
      "dev": true
    },
    "my-utils": {
      "version": "git+ssh://git@github.com/sawara7/my-utils.git#96b3fdb4daefe0a6e546e523fd0c0b2e8c7bc9fb",
      "from": "my-utils@github:sawara7/my-utils",
      "requires": {
        "uuid": "^8.3.2"
      }
    },
    "node-cron": {
      "version": "3.0.1",
      "resolved": "https://registry.npmjs.org/node-cron/-/node-cron-3.0.1.tgz",
      "integrity": "sha512-RAWZTNn2M5KDIUV/389UX0EXsqvdFAwc9QwHQceh0Ga56dygqSRthqIjwpgZsoDspHGt2rkHdk9Z4RgfPMdALw=="
    },
    "typescript": {
      "version": "4.7.4",
      "resolved": "https://registry.npmjs.org/typescript/-/typescript-4.7.4.tgz",
      "integrity": "sha512-C0WQT0gezHuw6AdY1M2jxUO83Rjf0HP7Sk1DtXj6j1EwkQNZrHAg2XPWlq62oqEhYvONq5pkC2Y9oPljWToLmQ==",
      "dev": true
    },
    "uuid": {
      "version": "8.3.2",
      "resolved": "https://registry.npmjs.org/uuid/-/uuid-8.3.2.tgz",
      "integrity": "sha512-+NYs2QeMWy+GWFOEm9xnn6HCDp0l7QBD7ml8zLUmJ+93Q5NF0NocErnwkTkXVFNiX3/fpC6afS8Dhb/gz7R7eg=="
    }
  }
}
