lockfileVersion: '9.0'

settings:
  autoInstallPeers: true
  excludeLinksFromLockfile: false

importers:

  .:
    dependencies:
      logic-namping:
        specifier: github:sawara7/logic-namping
        version: https://codeload.github.com/sawara7/logic-namping/tar.gz/fa8753891f90d239b3b8226130970f77da11ca2d
      simple-statistics:
        specifier: ^7.8.7
        version: 7.8.7
      utils-general:
        specifier: github:sawara7/utils-general
        version: https://codeload.github.com/sawara7/utils-general/tar.gz/03e39155c3ec128168cb59cc86bdfbb909de7e6f
      utils-mongodb:
        specifier: github:sawara7/utils-mongodb
        version: https://codeload.github.com/sawara7/utils-mongodb/tar.gz/bf5688f58e00f5ade76fae0ae740519b3a586196
      utils-trade:
        specifier: github:sawara7/utils-trade
        version: https://codeload.github.com/sawara7/utils-trade/tar.gz/783368b1ac88c8385c3c947fd90fd35dcb7fa151
    devDependencies:
      '@types/node':
        specifier: ^22.10.5
        version: 22.10.5
      typescript:
        specifier: ^5.7.3
        version: 5.7.3

packages:

  '@mongodb-js/saslprep@1.1.9':
    resolution: {integrity: sha512-tVkljjeEaAhCqTzajSdgbQ6gE6f3oneVwa3iXR6csiEwXXOFsiC6Uh9iAjAhXPtqa/XMDHWjjeNH/77m/Yq2dw==}

  '@types/node@22.10.5':
    resolution: {integrity: sha512-F8Q+SeGimwOo86fiovQh8qiXfFEh2/ocYv7tU5pJ3EXMSSxk1Joj5wefpFK2fHTf/N6HKGSxIDBT9f3gCxXPkQ==}

  '@types/webidl-conversions@7.0.3':
    resolution: {integrity: sha512-CiJJvcRtIgzadHCYXw7dqEnMNRjhGZlYK05Mj9OyktqV8uVT8fD2BFOB7S1uwBE3Kj2Z+4UyPmFw/Ixgw/LAlA==}

  '@types/whatwg-url@11.0.5':
    resolution: {integrity: sha512-coYR071JRaHa+xoEvvYqvnIHaVqaYrLPbsufM9BF63HkwI5Lgmy2QR8Q5K/lYDYo5AK82wOvSOS0UsLTpTG7uQ==}

  bson@6.10.1:
    resolution: {integrity: sha512-P92xmHDQjSKPLHqFxefqMxASNq/aWJMEZugpCjf+AF/pgcUpMMQCg7t7+ewko0/u8AapvF3luf/FoehddEK+sA==}
    engines: {node: '>=16.20.1'}

  logic-namping@https://codeload.github.com/sawara7/logic-namping/tar.gz/fa8753891f90d239b3b8226130970f77da11ca2d:
    resolution: {tarball: https://codeload.github.com/sawara7/logic-namping/tar.gz/fa8753891f90d239b3b8226130970f77da11ca2d}
    version: 0.0.2
    bundledDependencies: []

  memory-pager@1.5.0:
    resolution: {integrity: sha512-ZS4Bp4r/Zoeq6+NLJpP+0Zzm0pR8whtGPf1XExKLJBAczGMnSi3It14OiNCStjQjM6NU1okjQGSxgEZN8eBYKg==}

  moment-timezone@0.5.46:
    resolution: {integrity: sha512-ZXm9b36esbe7OmdABqIWJuBBiLLwAjrN7CE+7sYdCCx82Nabt1wHDj8TVseS59QIlfFPbOoiBPm6ca9BioG4hw==}

  moment@2.30.1:
    resolution: {integrity: sha512-uEmtNhbDOrWPFS+hdjFCBfy9f2YoyzRpwcl+DqpC6taX21FzsTLQVbMV/W7PzNSX6x/bhC1zA3c2UQ5NzH6how==}

  mongodb-connection-string-url@3.0.1:
    resolution: {integrity: sha512-XqMGwRX0Lgn05TDB4PyG2h2kKO/FfWJyCzYQbIhXUxz7ETt0I/FqHjUeqj37irJ+Dl1ZtU82uYyj14u2XsZKfg==}

  mongodb@6.12.0:
    resolution: {integrity: sha512-RM7AHlvYfS7jv7+BXund/kR64DryVI+cHbVAy9P61fnb1RcWZqOW1/Wj2YhqMCx+MuYhqTRGv7AwHBzmsCKBfA==}
    engines: {node: '>=16.20.1'}
    peerDependencies:
      '@aws-sdk/credential-providers': ^3.188.0
      '@mongodb-js/zstd': ^1.1.0 || ^2.0.0
      gcp-metadata: ^5.2.0
      kerberos: ^2.0.1
      mongodb-client-encryption: '>=6.0.0 <7'
      snappy: ^7.2.2
      socks: ^2.7.1
    peerDependenciesMeta:
      '@aws-sdk/credential-providers':
        optional: true
      '@mongodb-js/zstd':
        optional: true
      gcp-metadata:
        optional: true
      kerberos:
        optional: true
      mongodb-client-encryption:
        optional: true
      snappy:
        optional: true
      socks:
        optional: true

  punycode@2.3.1:
    resolution: {integrity: sha512-vYt7UD1U9Wg6138shLtLOvdAu+8DsC/ilFtEVHcH+wydcSpNE20AfSOduf6MkRFahL5FY7X1oU7nKVZFtfq8Fg==}
    engines: {node: '>=6'}

  simple-statistics@7.8.7:
    resolution: {integrity: sha512-ed5FwTNYvkMTfbCai1U+r3symP+lIPKWCqKdudpN4NFNMn9RtDlFtSyAQhCp4oPH0YBjWu/qnW+5q5ZkPB3uHQ==}

  sparse-bitfield@3.0.3:
    resolution: {integrity: sha512-kvzhi7vqKTfkh0PZU+2D2PIllw2ymqJKujUcyPMd9Y75Nv4nPbGJZXNhxsgdQab2BmlDct1YnfQCguEvHr7VsQ==}

  tr46@4.1.1:
    resolution: {integrity: sha512-2lv/66T7e5yNyhAAC4NaKe5nVavzuGJQVVtRYLyQ2OI8tsJ61PMLlelehb0wi2Hx6+hT/OJUWZcw8MjlSRnxvw==}
    engines: {node: '>=14'}

  typescript@5.7.3:
    resolution: {integrity: sha512-84MVSjMEHP+FQRPy3pX9sTVV/INIex71s9TL2Gm5FG/WG1SqXeKyZ0k7/blY/4FdOzI12CBy1vGc4og/eus0fw==}
    engines: {node: '>=14.17'}
    hasBin: true

  undici-types@6.20.0:
    resolution: {integrity: sha512-Ny6QZ2Nju20vw1SRHe3d9jVu6gJ+4e3+MMpqu7pqE5HT6WsTSlce++GQmK5UXS8mzV8DSYHrQH+Xrf2jVcuKNg==}

  utils-general@https://codeload.github.com/sawara7/utils-general/tar.gz/03e39155c3ec128168cb59cc86bdfbb909de7e6f:
    resolution: {tarball: https://codeload.github.com/sawara7/utils-general/tar.gz/03e39155c3ec128168cb59cc86bdfbb909de7e6f}
    version: 0.0.5
    bundledDependencies: []

  utils-mongodb@https://codeload.github.com/sawara7/utils-mongodb/tar.gz/bf5688f58e00f5ade76fae0ae740519b3a586196:
    resolution: {tarball: https://codeload.github.com/sawara7/utils-mongodb/tar.gz/bf5688f58e00f5ade76fae0ae740519b3a586196}
    version: 0.0.8
    bundledDependencies: []

  utils-trade@https://codeload.github.com/sawara7/utils-trade/tar.gz/783368b1ac88c8385c3c947fd90fd35dcb7fa151:
    resolution: {tarball: https://codeload.github.com/sawara7/utils-trade/tar.gz/783368b1ac88c8385c3c947fd90fd35dcb7fa151}
    version: 0.0.4
    bundledDependencies: []

  uuid@10.0.0:
    resolution: {integrity: sha512-8XkAphELsDnEGrDxUOHB3RGvXz6TeuYSGEZBOjtTtPm2lwhGBjLgOzLHB63IUWfBpNucQjND6d3AOudO+H3RWQ==}
    hasBin: true

  webidl-conversions@7.0.0:
    resolution: {integrity: sha512-VwddBukDzu71offAQR975unBIGqfKZpM+8ZX6ySk8nYhVoo5CYaZyzt3YBvYtRtO+aoGlqxPg/B87NGVZ/fu6g==}
    engines: {node: '>=12'}

  whatwg-url@13.0.0:
    resolution: {integrity: sha512-9WWbymnqj57+XEuqADHrCJ2eSXzn8WXIW/YSGaZtb2WKAInQ6CHfaUUcTyyver0p8BDg5StLQq8h1vtZuwmOig==}
    engines: {node: '>=16'}

snapshots:

  '@mongodb-js/saslprep@1.1.9':
    dependencies:
      sparse-bitfield: 3.0.3

  '@types/node@22.10.5':
    dependencies:
      undici-types: 6.20.0

  '@types/webidl-conversions@7.0.3': {}

  '@types/whatwg-url@11.0.5':
    dependencies:
      '@types/webidl-conversions': 7.0.3

  bson@6.10.1: {}

  logic-namping@https://codeload.github.com/sawara7/logic-namping/tar.gz/fa8753891f90d239b3b8226130970f77da11ca2d:
    dependencies:
      utils-general: https://codeload.github.com/sawara7/utils-general/tar.gz/03e39155c3ec128168cb59cc86bdfbb909de7e6f
      utils-trade: https://codeload.github.com/sawara7/utils-trade/tar.gz/783368b1ac88c8385c3c947fd90fd35dcb7fa151

  memory-pager@1.5.0: {}

  moment-timezone@0.5.46:
    dependencies:
      moment: 2.30.1

  moment@2.30.1: {}

  mongodb-connection-string-url@3.0.1:
    dependencies:
      '@types/whatwg-url': 11.0.5
      whatwg-url: 13.0.0

  mongodb@6.12.0:
    dependencies:
      '@mongodb-js/saslprep': 1.1.9
      bson: 6.10.1
      mongodb-connection-string-url: 3.0.1

  punycode@2.3.1: {}

  simple-statistics@7.8.7: {}

  sparse-bitfield@3.0.3:
    dependencies:
      memory-pager: 1.5.0

  tr46@4.1.1:
    dependencies:
      punycode: 2.3.1

  typescript@5.7.3: {}

  undici-types@6.20.0: {}

  utils-general@https://codeload.github.com/sawara7/utils-general/tar.gz/03e39155c3ec128168cb59cc86bdfbb909de7e6f:
    dependencies:
      uuid: 10.0.0

  utils-mongodb@https://codeload.github.com/sawara7/utils-mongodb/tar.gz/bf5688f58e00f5ade76fae0ae740519b3a586196:
    dependencies:
      mongodb: 6.12.0
    transitivePeerDependencies:
      - '@aws-sdk/credential-providers'
      - '@mongodb-js/zstd'
      - gcp-metadata
      - kerberos
      - mongodb-client-encryption
      - snappy
      - socks

  utils-trade@https://codeload.github.com/sawara7/utils-trade/tar.gz/783368b1ac88c8385c3c947fd90fd35dcb7fa151:
    dependencies:
      moment-timezone: 0.5.46
      utils-general: https://codeload.github.com/sawara7/utils-general/tar.gz/03e39155c3ec128168cb59cc86bdfbb909de7e6f

  uuid@10.0.0: {}

  webidl-conversions@7.0.0: {}

  whatwg-url@13.0.0:
    dependencies:
      tr46: 4.1.1
      webidl-conversions: 7.0.0
